
Microsoft Visual Studio Solution File, Format Version 12.00
# Visual Studio Version 17
VisualStudioVersion = 17.3.32901.215
MinimumVisualStudioVersion = 10.0.40219.1
Project("{FAE04EC0-301F-11D3-BF4B-00C04F79EFBC}") = "TutorialApp", "TutorialApp.csproj", "{17E0F95E-D4C8-467F-9B4C-E6A389830367}"
EndProject
Global
	GlobalSection(SolutionConfigurationPlatforms) = preSolution
		Debug|Any CPU = Debug|Any CPU
		Release|Any CPU = Release|Any CPU
	EndGlobalSection
	GlobalSection(ProjectConfigurationPlatforms) = postSolution
		{17E0F95E-D4C8-467F-9B4C-E6A389830367}.Debug|Any CPU.ActiveCfg = Debug|Any CPU
		{17E0F95E-D4C8-467F-9B4C-E6A389830367}.Debug|Any CPU.Build.0 = Debug|Any CPU
		{17E0F95E-D4C8-467F-9B4C-E6A389830367}.Release|Any CPU.ActiveCfg = Release|Any CPU
		{17E0F95E-D4C8-467F-9B4C-E6A389830367}.Release|Any CPU.Build.0 = Release|Any CPU
	EndGlobalSection
	GlobalSection(SolutionProperties) = preSolution
		HideSolutionNode = FALSE
	EndGlobalSection
	GlobalSection(ExtensibilityGlobals) = postSolution
		SolutionGuid = {852188A5-8C53-4815-9F6A-DC430AE1AB44}
	EndGlobalSection
EndGlobal
